// !$*UTF8*$!
{
	archiveVersion = 1;
	classes = {
	};
	objectVersion = 50;
	objects = {

/* Begin PBXBuildFile section */
		FAB592B525E3ABD80001B1F9 /* AppDelegate.swift in Sources */ = {isa = PBXBuildFile; fileRef = FAB592B425E3ABD80001B1F9 /* AppDelegate.swift */; };
		FAB592B725E3ABD80001B1F9 /* SceneDelegate.swift in Sources */ = {isa = PBXBuildFile; fileRef = FAB592B625E3ABD80001B1F9 /* SceneDelegate.swift */; };
		FAB592B925E3ABD80001B1F9 /* ViewController.swift in Sources */ = {isa = PBXBuildFile; fileRef = FAB592B825E3ABD80001B1F9 /* ViewController.swift */; };
		FAB592BC25E3ABD80001B1F9 /* Main.storyboard in Resources */ = {isa = PBXBuildFile; fileRef = FAB592BA25E3ABD80001B1F9 /* Main.storyboard */; };
		FAB592BE25E3ABE00001B1F9 /* Assets.xcassets in Resources */ = {isa = PBXBuildFile; fileRef = FAB592BD25E3ABE00001B1F9 /* Assets.xcassets */; };
		FAB592C125E3ABE00001B1F9 /* LaunchScreen.storyboard in Resources */ = {isa = PBXBuildFile; fileRef = FAB592BF25E3ABE00001B1F9 /* LaunchScreen.storyboard */; };
		FAB592D825E3B5AE0001B1F9 /* PlayerViewController.swift in Sources */ = {isa = PBXBuildFile; fileRef = FAB592D725E3B5AE0001B1F9 /* PlayerViewController.swift */; };
		FAB592DC25E676290001B1F9 /* song1.mp3 in Resources */ = {isa = PBXBuildFile; fileRef = FAB592DB25E676290001B1F9 /* song1.mp3 */; };
		FAB592E225E677F20001B1F9 /* song2.mp3 in Resources */ = {isa = PBXBuildFile; fileRef = FAB592E125E677F20001B1F9 /* song2.mp3 */; };
		FAB592E725E67A030001B1F9 /* song3.mp3 in Resources */ = {isa = PBXBuildFile; fileRef = FAB592E625E67A030001B1F9 /* song3.mp3 */; };
/* End PBXBuildFile section */

/* Begin PBXFileReference section */
		FAB592B125E3ABD80001B1F9 /* MusicApp.app */ = {isa = PBXFileReference; explicitFileType = wrapper.application; includeInIndex = 0; path = MusicApp.app; sourceTree = BUILT_PRODUCTS_DIR; };
		FAB592B425E3ABD80001B1F9 /* AppDelegate.swift */ = {isa = PBXFileReference; lastKnownFileType = sourcecode.swift; path = AppDelegate.swift; sourceTree = "<group>"; };
		FAB592B625E3ABD80001B1F9 /* SceneDelegate.swift */ = {isa = PBXFileReference; lastKnownFileType = sourcecode.swift; path = SceneDelegate.swift; sourceTree = "<group>"; };
		FAB592B825E3ABD80001B1F9 /* ViewController.swift */ = {isa = PBXFileReference; lastKnownFileType = sourcecode.swift; path = ViewController.swift; sourceTree = "<group>"; };
		FAB592BB25E3ABD80001B1F9 /* Base */ = {isa = PBXFileReference; lastKnownFileType = file.storyboard; name = Base; path = Base.lproj/Main.storyboard; sourceTree = "<group>"; };
		FAB592BD25E3ABE00001B1F9 /* Assets.xcassets */ = {isa = PBXFileReference; lastKnownFileType = folder.assetcatalog; path = Assets.xcassets; sourceTree = "<group>"; };
		FAB592C025E3ABE00001B1F9 /* Base */ = {isa = PBXFileReference; lastKnownFileType = file.storyboard; name = Base; path = Base.lproj/LaunchScreen.storyboard; sourceTree = "<group>"; };
		FAB592C225E3ABE00001B1F9 /* Info.plist */ = {isa = PBXFileReference; lastKnownFileType = text.plist.xml; path = Info.plist; sourceTree = "<group>"; };
		FAB592D725E3B5AE0001B1F9 /* PlayerViewController.swift */ = {isa = PBXFileReference; lastKnownFileType = sourcecode.swift; path = PlayerViewController.swift; sourceTree = "<group>"; };
		FAB592DB25E676290001B1F9 /* song1.mp3 */ = {isa = PBXFileReference; lastKnownFileType = audio.mp3; path = song1.mp3; sourceTree = "<group>"; };
		FAB592E125E677F20001B1F9 /* song2.mp3 */ = {isa = PBXFileReference; lastKnownFileType = audio.mp3; path = song2.mp3; sourceTree = "<group>"; };
		FAB592E625E67A030001B1F9 /* song3.mp3 */ = {isa = PBXFileReference; lastKnownFileType = audio.mp3; path = song3.mp3; sourceTree = "<group>"; };
/* End PBXFileReference section */

/* Begin PBXFrameworksBuildPhase section */
		FAB592AE25E3ABD80001B1F9 /* Frameworks */ = {
			isa = PBXFrameworksBuildPhase;
			buildActionMask = 2147483647;
			files = (
			);
			runOnlyForDeploymentPostprocessing = 0;
		};
/* End PBXFrameworksBuildPhase section */

/* Begin PBXGroup section */
		FAB592A825E3ABD80001B1F9 = {
			isa = PBXGroup;
			children = (
				FAB592B325E3ABD80001B1F9 /* MusicApp */,
				FAB592B225E3ABD80001B1F9 /* Products */,
			);
			sourceTree = "<group>";
		};
		FAB592B225E3ABD80001B1F9 /* Products */ = {
			isa = PBXGroup;
			children = (
				FAB592B125E3ABD80001B1F9 /* MusicApp.app */,
			);
			name = Products;
			sourceTree = "<group>";
		};
		FAB592B325E3ABD80001B1F9 /* MusicApp */ = {
			isa = PBXGroup;
			children = (
				FAB592CF25E3B2930001B1F9 /* Audio */,
				FAB592C925E3ABE90001B1F9 /* AppDelegate */,
				FAB592CC25E3AC350001B1F9 /* Controllers */,
				FAB592CB25E3AC2C0001B1F9 /* View */,
				FAB592BD25E3ABE00001B1F9 /* Assets.xcassets */,
				FAB592C225E3ABE00001B1F9 /* Info.plist */,
			);
			path = MusicApp;
			sourceTree = "<group>";
		};
		FAB592C925E3ABE90001B1F9 /* AppDelegate */ = {
			isa = PBXGroup;
			children = (
				FAB592B425E3ABD80001B1F9 /* AppDelegate.swift */,
				FAB592B625E3ABD80001B1F9 /* SceneDelegate.swift */,
			);
			path = AppDelegate;
			sourceTree = "<group>";
		};
		FAB592CB25E3AC2C0001B1F9 /* View */ = {
			isa = PBXGroup;
			children = (
				FAB592BA25E3ABD80001B1F9 /* Main.storyboard */,
				FAB592BF25E3ABE00001B1F9 /* LaunchScreen.storyboard */,
			);
			path = View;
			sourceTree = "<group>";
		};
		FAB592CC25E3AC350001B1F9 /* Controllers */ = {
			isa = PBXGroup;
			children = (
				FAB592B825E3ABD80001B1F9 /* ViewController.swift */,
				FAB592D725E3B5AE0001B1F9 /* PlayerViewController.swift */,
			);
			path = Controllers;
			sourceTree = "<group>";
		};
		FAB592CF25E3B2930001B1F9 /* Audio */ = {
			isa = PBXGroup;
			children = (
				FAB592DB25E676290001B1F9 /* song1.mp3 */,
				FAB592E125E677F20001B1F9 /* song2.mp3 */,
				FAB592E625E67A030001B1F9 /* song3.mp3 */,
			);
			path = Audio;
			sourceTree = "<group>";
		};
/* End PBXGroup section */

/* Begin PBXNativeTarget section */
		FAB592B025E3ABD80001B1F9 /* MusicApp */ = {
			isa = PBXNativeTarget;
			buildConfigurationList = FAB592C525E3ABE00001B1F9 /* Build configuration list for PBXNativeTarget "MusicApp" */;
			buildPhases = (
				FAB592AD25E3ABD80001B1F9 /* Sources */,
				FAB592AE25E3ABD80001B1F9 /* Frameworks */,
				FAB592AF25E3ABD80001B1F9 /* Resources */,
			);
			buildRules = (
			);
			dependencies = (
			);
			name = MusicApp;
			productName = MusicApp;
			productReference = FAB592B125E3ABD80001B1F9 /* MusicApp.app */;
			productType = "com.apple.product-type.application";
		};
/* End PBXNativeTarget section */

/* Begin PBXProject section */
		FAB592A925E3ABD80001B1F9 /* Project object */ = {
			isa = PBXProject;
			attributes = {
				LastSwiftUpdateCheck = 1230;
				LastUpgradeCheck = 1230;
				TargetAttributes = {
					FAB592B025E3ABD80001B1F9 = {
						CreatedOnToolsVersion = 12.3;
					};
				};
			};
			buildConfigurationList = FAB592AC25E3ABD80001B1F9 /* Build configuration list for PBXProject "MusicApp" */;
			compatibilityVersion = "Xcode 9.3";
			developmentRegion = en;
			hasScannedForEncodings = 0;
			knownRegions = (
				en,
				Base,
			);
			mainGroup = FAB592A825E3ABD80001B1F9;
			productRefGroup = FAB592B225E3ABD80001B1F9 /* Products */;
			projectDirPath = "";
			projectRoot = "";
			targets = (
				FAB592B025E3ABD80001B1F9 /* MusicApp */,
			);
		};
/* End PBXProject section */

/* Begin PBXResourcesBuildPhase section */
		FAB592AF25E3ABD80001B1F9 /* Resources */ = {
			isa = PBXResourcesBuildPhase;
			buildActionMask = 2147483647;
			files = (
				FAB592C125E3ABE00001B1F9 /* LaunchScreen.storyboard in Resources */,
				FAB592BE25E3ABE00001B1F9 /* Assets.xcassets in Resources */,
				FAB592E725E67A030001B1F9 /* song3.mp3 in Resources */,
				FAB592DC25E676290001B1F9 /* song1.mp3 in Resources */,
				FAB592BC25E3ABD80001B1F9 /* Main.storyboard in Resources */,
				FAB592E225E677F20001B1F9 /* song2.mp3 in Resources */,
			);
			runOnlyForDeploymentPostprocessing = 0;
		};
/* End PBXResourcesBuildPhase section */

/* Begin PBXSourcesBuildPhase section */
		FAB592AD25E3ABD80001B1F9 /* Sources */ = {
			isa = PBXSourcesBuildPhase;
			buildActionMask = 2147483647;
			files = (
				FAB592B925E3ABD80001B1F9 /* ViewController.swift in Sources */,
				FAB592D825E3B5AE0001B1F9 /* PlayerViewController.swift in Sources */,
				FAB592B525E3ABD80001B1F9 /* AppDelegate.swift in Sources */,
				FAB592B725E3ABD80001B1F9 /* SceneDelegate.swift in Sources */,
			);
			runOnlyForDeploymentPostprocessing = 0;
		};
/* End PBXSourcesBuildPhase section */

/* Begin PBXVariantGroup section */
		FAB592BA25E3ABD80001B1F9 /* Main.storyboard */ = {
			isa = PBXVariantGroup;
			children = (
				FAB592BB25E3ABD80001B1F9 /* Base */,
			);
			name = Main.storyboard;
			sourceTree = "<group>";
		};
		FAB592BF25E3ABE00001B1F9 /* LaunchScreen.storyboard */ = {
			isa = PBXVariantGroup;
			children = (
				FAB592C025E3ABE00001B1F9 /* Base */,
			);
			name = LaunchScreen.storyboard;
			sourceTree = "<group>";
		};
/* End PBXVariantGroup section */

/* Begin XCBuildConfiguration section */
		FAB592C325E3ABE00001B1F9 /* Debug */ = {
			isa = XCBuildConfiguration;
			buildSettings = {
				ALWAYS_SEARCH_USER_PATHS = NO;
				CLANG_ANALYZER_NONNULL = YES;
				CLANG_ANALYZER_NUMBER_OBJECT_CONVERSION = YES_AGGRESSIVE;
				CLANG_CXX_LANGUAGE_STANDARD = "gnu++14";
				CLANG_CXX_LIBRARY = "libc++";
				CLANG_ENABLE_MODULES = YES;
				CLANG_ENABLE_OBJC_ARC = YES;
				CLANG_ENABLE_OBJC_WEAK = YES;
				CLANG_WARN_BLOCK_CAPTURE_AUTORELEASING = YES;
				CLANG_WARN_BOOL_CONVERSION = YES;
				CLANG_WARN_COMMA = YES;
				CLANG_WARN_CONSTANT_CONVERSION = YES;
				CLANG_WARN_DEPRECATED_OBJC_IMPLEMENTATIONS = YES;
				CLANG_WARN_DIRECT_OBJC_ISA_USAGE = YES_ERROR;
				CLANG_WARN_DOCUMENTATION_COMMENTS = YES;
				CLANG_WARN_EMPTY_BODY = YES;
				CLANG_WARN_ENUM_CONVERSION = YES;
				CLANG_WARN_INFINITE_RECURSION = YES;
				CLANG_WARN_INT_CONVERSION = YES;
				CLANG_WARN_NON_LITERAL_NULL_CONVERSION = YES;
				CLANG_WARN_OBJC_IMPLICIT_RETAIN_SELF = YES;
				CLANG_WARN_OBJC_LITERAL_CONVERSION = YES;
				CLANG_WARN_OBJC_ROOT_CLASS = YES_ERROR;
				CLANG_WARN_QUOTED_INCLUDE_IN_FRAMEWORK_HEADER = YES;
				CLANG_WARN_RANGE_LOOP_ANALYSIS = YES;
				CLANG_WARN_STRICT_PROTOTYPES = YES;
				CLANG_WARN_SUSPICIOUS_MOVE = YES;
				CLANG_WARN_UNGUARDED_AVAILABILITY = YES_AGGRESSIVE;
				CLANG_WARN_UNREACHABLE_CODE = YES;
				CLANG_WARN__DUPLICATE_METHOD_MATCH = YES;
				COPY_PHASE_STRIP = NO;
				DEBUG_INFORMATION_FORMAT = dwarf;
				ENABLE_STRICT_OBJC_MSGSEND = YES;
				ENABLE_TESTABILITY = YES;
				GCC_C_LANGUAGE_STANDARD = gnu11;
				GCC_DYNAMIC_NO_PIC = NO;
				GCC_NO_COMMON_BLOCKS = YES;
				GCC_OPTIMIZATION_LEVEL = 0;
				GCC_PREPROCESSOR_DEFINITIONS = (
					"DEBUG=1",
					"$(inherited)",
				);
				GCC_WARN_64_TO_32_BIT_CONVERSION = YES;
				GCC_WARN_ABOUT_RETURN_TYPE = YES_ERROR;
				GCC_WARN_UNDECLARED_SELECTOR = YES;
				GCC_WARN_UNINITIALIZED_AUTOS = YES_AGGRESSIVE;
				GCC_WARN_UNUSED_FUNCTION = YES;
				GCC_WARN_UNUSED_VARIABLE = YES;
				IPHONEOS_DEPLOYMENT_TARGET = 14.3;
				MTL_ENABLE_DEBUG_INFO = INCLUDE_SOURCE;
				MTL_FAST_MATH = YES;
				ONLY_ACTIVE_ARCH = YES;
				SDKROOT = iphoneos;
				SWIFT_ACTIVE_COMPILATION_CONDITIONS = DEBUG;
				SWIFT_OPTIMIZATION_LEVEL = "-Onone";
			};
			name = Debug;
		};
		FAB592C425E3ABE00001B1F9 /* Release */ = {
			isa = XCBuildConfiguration;
			buildSettings = {
				ALWAYS_SEARCH_USER_PATHS = NO;
				CLANG_ANALYZER_NONNULL = YES;
				CLANG_ANALYZER_NUMBER_OBJECT_CONVERSION = YES_AGGRESSIVE;
				CLANG_CXX_LANGUAGE_STANDARD = "gnu++14";
				CLANG_CXX_LIBRARY = "libc++";
				CLANG_ENABLE_MODULES = YES;
				CLANG_ENABLE_OBJC_ARC = YES;
				CLANG_ENABLE_OBJC_WEAK = YES;
				CLANG_WARN_BLOCK_CAPTURE_AUTORELEASING = YES;
				CLANG_WARN_BOOL_CONVERSION = YES;
				CLANG_WARN_COMMA = YES;
				CLANG_WARN_CONSTANT_CONVERSION = YES;
				CLANG_WARN_DEPRECATED_OBJC_IMPLEMENTATIONS = YES;
				CLANG_WARN_DIRECT_OBJC_ISA_USAGE = YES_ERROR;
				CLANG_WARN_DOCUMENTATION_COMMENTS = YES;
				CLANG_WARN_EMPTY_BODY = YES;
				CLANG_WARN_ENUM_CONVERSION = YES;
				CLANG_WARN_INFINITE_RECURSION = YES;
				CLANG_WARN_INT_CONVERSION = YES;
				CLANG_WARN_NON_LITERAL_NULL_CONVERSION = YES;
				CLANG_WARN_OBJC_IMPLICIT_RETAIN_SELF = YES;
				CLANG_WARN_OBJC_LITERAL_CONVERSION = YES;
				CLANG_WARN_OBJC_ROOT_CLASS = YES_ERROR;
				CLANG_WARN_QUOTED_INCLUDE_IN_FRAMEWORK_HEADER = YES;
				CLANG_WARN_RANGE_LOOP_ANALYSIS = YES;
				CLANG_WARN_STRICT_PROTOTYPES = YES;
				CLANG_WARN_SUSPICIOUS_MOVE = YES;
				CLANG_WARN_UNGUARDED_AVAILABILITY = YES_AGGRESSIVE;
				CLANG_WARN_UNREACHABLE_CODE = YES;
				CLANG_WARN__DUPLICATE_METHOD_MATCH = YES;
				COPY_PHASE_STRIP = NO;
				DEBUG_INFORMATION_FORMAT = "dwarf-with-dsym";
				ENABLE_NS_ASSERTIONS = NO;
				ENABLE_STRICT_OBJC_MSGSEND = YES;
				GCC_C_LANGUAGE_STANDARD = gnu11;
				GCC_NO_COMMON_BLOCKS = YES;
				GCC_WARN_64_TO_32_BIT_CONVERSION = YES;
				GCC_WARN_ABOUT_RETURN_TYPE = YES_ERROR;
				GCC_WARN_UNDECLARED_SELECTOR = YES;
				GCC_WARN_UNINITIALIZED_AUTOS = YES_AGGRESSIVE;
				GCC_WARN_UNUSED_FUNCTION = YES;
				GCC_WARN_UNUSED_VARIABLE = YES;
				IPHONEOS_DEPLOYMENT_TARGET = 14.3;
				MTL_ENABLE_DEBUG_INFO = NO;
				MTL_FAST_MATH = YES;
				SDKROOT = iphoneos;
				SWIFT_COMPILATION_MODE = wholemodule;
				SWIFT_OPTIMIZATION_LEVEL = "-O";
				VALIDATE_PRODUCT = YES;
			};
			name = Release;
		};
		FAB592C625E3ABE00001B1F9 /* Debug */ = {
			isa = XCBuildConfiguration;
			buildSettings = {
				ASSETCATALOG_COMPILER_APPICON_NAME = AppIcon;
				ASSETCATALOG_COMPILER_GLOBAL_ACCENT_COLOR_NAME = AccentColor;
				CODE_SIGN_STYLE = Automatic;
				INFOPLIST_FILE = MusicApp/Info.plist;
				LD_RUNPATH_SEARCH_PATHS = (
					"$(inherited)",
					"@executable_path/Frameworks",
				);
				PRODUCT_BUNDLE_IDENTIFIER = accenture.iosbootcampApp.MusicApp;
				PRODUCT_NAME = "$(TARGET_NAME)";
				SWIFT_VERSION = 5.0;
				TARGETED_DEVICE_FAMILY = "1,2";
			};
			name = Debug;
		};
		FAB592C725E3ABE00001B1F9 /* Release */ = {
			isa = XCBuildConfiguration;
			buildSettings = {
				ASSETCATALOG_COMPILER_APPICON_NAME = AppIcon;
				ASSETCATALOG_COMPILER_GLOBAL_ACCENT_COLOR_NAME = AccentColor;
				CODE_SIGN_STYLE = Automatic;
				INFOPLIST_FILE = MusicApp/Info.plist;
				LD_RUNPATH_SEARCH_PATHS = (
					"$(inherited)",
					"@executable_path/Frameworks",
				);
				PRODUCT_BUNDLE_IDENTIFIER = accenture.iosbootcampApp.MusicApp;
				PRODUCT_NAME = "$(TARGET_NAME)";
				SWIFT_VERSION = 5.0;
				TARGETED_DEVICE_FAMILY = "1,2";
			};
			name = Release;
		};
/* End XCBuildConfiguration section */

/* Begin XCConfigurationList section */
		FAB592AC25E3ABD80001B1F9 /* Build configuration list for PBXProject "MusicApp" */ = {
			isa = XCConfigurationList;
			buildConfigurations = (
				FAB592C325E3ABE00001B1F9 /* Debug */,
				FAB592C425E3ABE00001B1F9 /* Release */,
			);
			defaultConfigurationIsVisible = 0;
			defaultConfigurationName = Release;
		};
		FAB592C525E3ABE00001B1F9 /* Build configuration list for PBXNativeTarget "MusicApp" */ = {
			isa = XCConfigurationList;
			buildConfigurations = (
				FAB592C625E3ABE00001B1F9 /* Debug */,
				FAB592C725E3ABE00001B1F9 /* Release */,
			);
			defaultConfigurationIsVisible = 0;
			defaultConfigurationName = Release;
		};
/* End XCConfigurationList section */
	};
	rootObject = FAB592A925E3ABD80001B1F9 /* Project object */;
}
